// !$*UTF8*$!
{
	archiveVersion = 1;
	classes = {
	};
	objectVersion = 48;
	objects = {

/* Begin PBXBuildFile section */
		2A616B791FB9F12000874130 /* WebsiteViewController.swift in Sources */ = {isa = PBXBuildFile; fileRef = 2A616B781FB9F12000874130 /* WebsiteViewController.swift */; };
		2A719BBD1FBDDDB00076A450 /* SocialMediaTableViewController.swift in Sources */ = {isa = PBXBuildFile; fileRef = 2A719BBC1FBDDDB00076A450 /* SocialMediaTableViewController.swift */; };
		2AA916321FB9DF7100D066D2 /* AppDelegate.swift in Sources */ = {isa = PBXBuildFile; fileRef = 2AA916311FB9DF7100D066D2 /* AppDelegate.swift */; };
		2AA916371FB9DF7100D066D2 /* Main.storyboard in Resources */ = {isa = PBXBuildFile; fileRef = 2AA916351FB9DF7100D066D2 /* Main.storyboard */; };
		2AA916391FB9DF7100D066D2 /* Assets.xcassets in Resources */ = {isa = PBXBuildFile; fileRef = 2AA916381FB9DF7100D066D2 /* Assets.xcassets */; };
		2AA9163C1FB9DF7100D066D2 /* LaunchScreen.storyboard in Resources */ = {isa = PBXBuildFile; fileRef = 2AA9163A1FB9DF7100D066D2 /* LaunchScreen.storyboard */; };
		2AA916471FB9E6FA00D066D2 /* MenuCollectionViewController.swift in Sources */ = {isa = PBXBuildFile; fileRef = 2AA916461FB9E6FA00D066D2 /* MenuCollectionViewController.swift */; };
/* End PBXBuildFile section */

/* Begin PBXFileReference section */
		2A616B781FB9F12000874130 /* WebsiteViewController.swift */ = {isa = PBXFileReference; lastKnownFileType = sourcecode.swift; path = WebsiteViewController.swift; sourceTree = "<group>"; };
		2A719BBC1FBDDDB00076A450 /* SocialMediaTableViewController.swift */ = {isa = PBXFileReference; lastKnownFileType = sourcecode.swift; path = SocialMediaTableViewController.swift; sourceTree = "<group>"; };
		2AA9162E1FB9DF7100D066D2 /* Wir sind fit!.app */ = {isa = PBXFileReference; explicitFileType = wrapper.application; includeInIndex = 0; path = "Wir sind fit!.app"; sourceTree = BUILT_PRODUCTS_DIR; };
		2AA916311FB9DF7100D066D2 /* AppDelegate.swift */ = {isa = PBXFileReference; lastKnownFileType = sourcecode.swift; path = AppDelegate.swift; sourceTree = "<group>"; };
		2AA916361FB9DF7100D066D2 /* Base */ = {isa = PBXFileReference; lastKnownFileType = file.storyboard; name = Base; path = Base.lproj/Main.storyboard; sourceTree = "<group>"; };
		2AA916381FB9DF7100D066D2 /* Assets.xcassets */ = {isa = PBXFileReference; lastKnownFileType = folder.assetcatalog; path = Assets.xcassets; sourceTree = "<group>"; };
		2AA9163B1FB9DF7100D066D2 /* Base */ = {isa = PBXFileReference; lastKnownFileType = file.storyboard; name = Base; path = Base.lproj/LaunchScreen.storyboard; sourceTree = "<group>"; };
		2AA9163D1FB9DF7100D066D2 /* Info.plist */ = {isa = PBXFileReference; lastKnownFileType = text.plist.xml; path = Info.plist; sourceTree = "<group>"; };
		2AA916461FB9E6FA00D066D2 /* MenuCollectionViewController.swift */ = {isa = PBXFileReference; lastKnownFileType = sourcecode.swift; path = MenuCollectionViewController.swift; sourceTree = "<group>"; };
/* End PBXFileReference section */

/* Begin PBXFrameworksBuildPhase section */
		2AA9162B1FB9DF7100D066D2 /* Frameworks */ = {
			isa = PBXFrameworksBuildPhase;
			buildActionMask = 2147483647;
			files = (
			);
			runOnlyForDeploymentPostprocessing = 0;
		};
/* End PBXFrameworksBuildPhase section */

/* Begin PBXGroup section */
		2AA916251FB9DF7100D066D2 = {
			isa = PBXGroup;
			children = (
				2AA916301FB9DF7100D066D2 /* Wir sind fit! */,
				2AA9162F1FB9DF7100D066D2 /* Products */,
			);
			sourceTree = "<group>";
		};
		2AA9162F1FB9DF7100D066D2 /* Products */ = {
			isa = PBXGroup;
			children = (
				2AA9162E1FB9DF7100D066D2 /* Wir sind fit!.app */,
			);
			name = Products;
			sourceTree = "<group>";
		};
		2AA916301FB9DF7100D066D2 /* Wir sind fit! */ = {
			isa = PBXGroup;
			children = (
				2AA916311FB9DF7100D066D2 /* AppDelegate.swift */,
				2AA916461FB9E6FA00D066D2 /* MenuCollectionViewController.swift */,
				2AA916351FB9DF7100D066D2 /* Main.storyboard */,
				2AA916381FB9DF7100D066D2 /* Assets.xcassets */,
				2AA9163A1FB9DF7100D066D2 /* LaunchScreen.storyboard */,
				2AA9163D1FB9DF7100D066D2 /* Info.plist */,
				2A616B781FB9F12000874130 /* WebsiteViewController.swift */,
				2A719BBC1FBDDDB00076A450 /* SocialMediaTableViewController.swift */,
			);
			path = "Wir sind fit!";
			sourceTree = "<group>";
		};
/* End PBXGroup section */

/* Begin PBXNativeTarget section */
		2AA9162D1FB9DF7100D066D2 /* Wir sind fit! */ = {
			isa = PBXNativeTarget;
			buildConfigurationList = 2AA916401FB9DF7100D066D2 /* Build configuration list for PBXNativeTarget "Wir sind fit!" */;
			buildPhases = (
				2AA9162A1FB9DF7100D066D2 /* Sources */,
				2AA9162B1FB9DF7100D066D2 /* Frameworks */,
				2AA9162C1FB9DF7100D066D2 /* Resources */,
			);
			buildRules = (
			);
			dependencies = (
			);
			name = "Wir sind fit!";
			productName = "Wir sind fit!";
			productReference = 2AA9162E1FB9DF7100D066D2 /* Wir sind fit!.app */;
			productType = "com.apple.product-type.application";
		};
/* End PBXNativeTarget section */

/* Begin PBXProject section */
		2AA916261FB9DF7100D066D2 /* Project object */ = {
			isa = PBXProject;
			attributes = {
				LastSwiftUpdateCheck = 0910;
				LastUpgradeCheck = 0910;
				ORGANIZATIONNAME = "Andreas Bachmaier";
				TargetAttributes = {
					2AA9162D1FB9DF7100D066D2 = {
						CreatedOnToolsVersion = 9.1;
						ProvisioningStyle = Automatic;
					};
				};
			};
			buildConfigurationList = 2AA916291FB9DF7100D066D2 /* Build configuration list for PBXProject "Wir sind fit!" */;
			compatibilityVersion = "Xcode 8.0";
			developmentRegion = en;
			hasScannedForEncodings = 0;
			knownRegions = (
				en,
				Base,
			);
			mainGroup = 2AA916251FB9DF7100D066D2;
			productRefGroup = 2AA9162F1FB9DF7100D066D2 /* Products */;
			projectDirPath = "";
			projectRoot = "";
			targets = (
				2AA9162D1FB9DF7100D066D2 /* Wir sind fit! */,
			);
		};
/* End PBXProject section */

/* Begin PBXResourcesBuildPhase section */
		2AA9162C1FB9DF7100D066D2 /* Resources */ = {
			isa = PBXResourcesBuildPhase;
			buildActionMask = 2147483647;
			files = (
				2AA9163C1FB9DF7100D066D2 /* LaunchScreen.storyboard in Resources */,
				2AA916391FB9DF7100D066D2 /* Assets.xcassets in Resources */,
				2AA916371FB9DF7100D066D2 /* Main.storyboard in Resources */,
			);
			runOnlyForDeploymentPostprocessing = 0;
		};
/* End PBXResourcesBuildPhase section */

/* Begin PBXSourcesBuildPhase section */
		2AA9162A1FB9DF7100D066D2 /* Sources */ = {
			isa = PBXSourcesBuildPhase;
			buildActionMask = 2147483647;
			files = (
				2AA916471FB9E6FA00D066D2 /* MenuCollectionViewController.swift in Sources */,
				2A719BBD1FBDDDB00076A450 /* SocialMediaTableViewController.swift in Sources */,
				2A616B791FB9F12000874130 /* WebsiteViewController.swift in Sources */,
				2AA916321FB9DF7100D066D2 /* AppDelegate.swift in Sources */,
			);
			runOnlyForDeploymentPostprocessing = 0;
		};
/* End PBXSourcesBuildPhase section */

/* Begin PBXVariantGroup section */
		2AA916351FB9DF7100D066D2 /* Main.storyboard */ = {
			isa = PBXVariantGroup;
			children = (
				2AA916361FB9DF7100D066D2 /* Base */,
			);
			name = Main.storyboard;
			sourceTree = "<group>";
		};
		2AA9163A1FB9DF7100D066D2 /* LaunchScreen.storyboard */ = {
			isa = PBXVariantGroup;
			children = (
				2AA9163B1FB9DF7100D066D2 /* Base */,
			);
			name = LaunchScreen.storyboard;
			sourceTree = "<group>";
		};
/* End PBXVariantGroup section */

/* Begin XCBuildConfiguration section */
		2AA9163E1FB9DF7100D066D2 /* Debug */ = {
			isa = XCBuildConfiguration;
			buildSettings = {
				ALWAYS_SEARCH_USER_PATHS = NO;
				CLANG_ANALYZER_NONNULL = YES;
				CLANG_ANALYZER_NUMBER_OBJECT_CONVERSION = YES_AGGRESSIVE;
				CLANG_CXX_LANGUAGE_STANDARD = "gnu++14";
				CLANG_CXX_LIBRARY = "libc++";
				CLANG_ENABLE_MODULES = YES;
				CLANG_ENABLE_OBJC_ARC = YES;
				CLANG_WARN_BLOCK_CAPTURE_AUTORELEASING = YES;
				CLANG_WARN_BOOL_CONVERSION = YES;
				CLANG_WARN_COMMA = YES;
				CLANG_WARN_CONSTANT_CONVERSION = YES;
				CLANG_WARN_DIRECT_OBJC_ISA_USAGE = YES_ERROR;
				CLANG_WARN_DOCUMENTATION_COMMENTS = YES;
				CLANG_WARN_EMPTY_BODY = YES;
				CLANG_WARN_ENUM_CONVERSION = YES;
				CLANG_WARN_INFINITE_RECURSION = YES;
				CLANG_WARN_INT_CONVERSION = YES;
				CLANG_WARN_NON_LITERAL_NULL_CONVERSION = YES;
				CLANG_WARN_OBJC_LITERAL_CONVERSION = YES;
				CLANG_WARN_OBJC_ROOT_CLASS = YES_ERROR;
				CLANG_WARN_RANGE_LOOP_ANALYSIS = YES;
				CLANG_WARN_STRICT_PROTOTYPES = YES;
				CLANG_WARN_SUSPICIOUS_MOVE = YES;
				CLANG_WARN_UNGUARDED_AVAILABILITY = YES_AGGRESSIVE;
				CLANG_WARN_UNREACHABLE_CODE = YES;
				CLANG_WARN__DUPLICATE_METHOD_MATCH = YES;
				CODE_SIGN_IDENTITY = "iPhone Developer";
				COPY_PHASE_STRIP = NO;
				DEBUG_INFORMATION_FORMAT = dwarf;
				ENABLE_STRICT_OBJC_MSGSEND = YES;
				ENABLE_TESTABILITY = YES;
				GCC_C_LANGUAGE_STANDARD = gnu11;
				GCC_DYNAMIC_NO_PIC = NO;
				GCC_NO_COMMON_BLOCKS = YES;
				GCC_OPTIMIZATION_LEVEL = 0;
				GCC_PREPROCESSOR_DEFINITIONS = (
					"DEBUG=1",
					"$(inherited)",
				);
				GCC_WARN_64_TO_32_BIT_CONVERSION = YES;
				GCC_WARN_ABOUT_RETURN_TYPE = YES_ERROR;
				GCC_WARN_UNDECLARED_SELECTOR = YES;
				GCC_WARN_UNINITIALIZED_AUTOS = YES_AGGRESSIVE;
				GCC_WARN_UNUSED_FUNCTION = YES;
				GCC_WARN_UNUSED_VARIABLE = YES;
				IPHONEOS_DEPLOYMENT_TARGET = 11.1;
				MTL_ENABLE_DEBUG_INFO = YES;
				ONLY_ACTIVE_ARCH = YES;
				SDKROOT = iphoneos;
				SWIFT_ACTIVE_COMPILATION_CONDITIONS = DEBUG;
				SWIFT_OPTIMIZATION_LEVEL = "-Onone";
			};
			name = Debug;
		};
		2AA9163F1FB9DF7100D066D2 /* Release */ = {
			isa = XCBuildConfiguration;
			buildSettings = {
				ALWAYS_SEARCH_USER_PATHS = NO;
				CLANG_ANALYZER_NONNULL = YES;
				CLANG_ANALYZER_NUMBER_OBJECT_CONVERSION = YES_AGGRESSIVE;
				CLANG_CXX_LANGUAGE_STANDARD = "gnu++14";
				CLANG_CXX_LIBRARY = "libc++";
				CLANG_ENABLE_MODULES = YES;
				CLANG_ENABLE_OBJC_ARC = YES;
				CLANG_WARN_BLOCK_CAPTURE_AUTORELEASING = YES;
				CLANG_WARN_BOOL_CONVERSION = YES;
				CLANG_WARN_COMMA = YES;
				CLANG_WARN_CONSTANT_CONVERSION = YES;
				CLANG_WARN_DIRECT_OBJC_ISA_USAGE = YES_ERROR;
				CLANG_WARN_DOCUMENTATION_COMMENTS = YES;
				CLANG_WARN_EMPTY_BODY = YES;
				CLANG_WARN_ENUM_CONVERSION = YES;
				CLANG_WARN_INFINITE_RECURSION = YES;
				CLANG_WARN_INT_CONVERSION = YES;
				CLANG_WARN_NON_LITERAL_NULL_CONVERSION = YES;
				CLANG_WARN_OBJC_LITERAL_CONVERSION = YES;
				CLANG_WARN_OBJC_ROOT_CLASS = YES_ERROR;
				CLANG_WARN_RANGE_LOOP_ANALYSIS = YES;
				CLANG_WARN_STRICT_PROTOTYPES = YES;
				CLANG_WARN_SUSPICIOUS_MOVE = YES;
				CLANG_WARN_UNGUARDED_AVAILABILITY = YES_AGGRESSIVE;
				CLANG_WARN_UNREACHABLE_CODE = YES;
				CLANG_WARN__DUPLICATE_METHOD_MATCH = YES;
				CODE_SIGN_IDENTITY = "iPhone Developer";
				COPY_PHASE_STRIP = NO;
				DEBUG_INFORMATION_FORMAT = "dwarf-with-dsym";
				ENABLE_NS_ASSERTIONS = NO;
				ENABLE_STRICT_OBJC_MSGSEND = YES;
				GCC_C_LANGUAGE_STANDARD = gnu11;
				GCC_NO_COMMON_BLOCKS = YES;
				GCC_WARN_64_TO_32_BIT_CONVERSION = YES;
				GCC_WARN_ABOUT_RETURN_TYPE = YES_ERROR;
				GCC_WARN_UNDECLARED_SELECTOR = YES;
				GCC_WARN_UNINITIALIZED_AUTOS = YES_AGGRESSIVE;
				GCC_WARN_UNUSED_FUNCTION = YES;
				GCC_WARN_UNUSED_VARIABLE = YES;
				IPHONEOS_DEPLOYMENT_TARGET = 11.1;
				MTL_ENABLE_DEBUG_INFO = NO;
				SDKROOT = iphoneos;
				SWIFT_OPTIMIZATION_LEVEL = "-Owholemodule";
				VALIDATE_PRODUCT = YES;
			};
			name = Release;
		};
		2AA916411FB9DF7100D066D2 /* Debug */ = {
			isa = XCBuildConfiguration;
			buildSettings = {
				ASSETCATALOG_COMPILER_APPICON_NAME = AppIcon;
				CODE_SIGN_STYLE = Automatic;
				DEVELOPMENT_TEAM = VGD52CBBYU;
				INFOPLIST_FILE = "Wir sind fit!/Info.plist";
				IPHONEOS_DEPLOYMENT_TARGET = 10.0;
				LD_RUNPATH_SEARCH_PATHS = "$(inherited) @executable_path/Frameworks";
				PRODUCT_BUNDLE_IDENTIFIER = cc.bachmaier.wirsindfit;
				PRODUCT_NAME = "$(TARGET_NAME)";
				SWIFT_VERSION = 4.0;
				TARGETED_DEVICE_FAMILY = "1,2";
			};
			name = Debug;
		};
		2AA916421FB9DF7100D066D2 /* Release */ = {
			isa = XCBuildConfiguration;
			buildSettings = {
				ASSETCATALOG_COMPILER_APPICON_NAME = AppIcon;
				CODE_SIGN_STYLE = Automatic;
				DEVELOPMENT_TEAM = VGD52CBBYU;
				INFOPLIST_FILE = "Wir sind fit!/Info.plist";
				IPHONEOS_DEPLOYMENT_TARGET = 10.0;
				LD_RUNPATH_SEARCH_PATHS = "$(inherited) @executable_path/Frameworks";
				PRODUCT_BUNDLE_IDENTIFIER = cc.bachmaier.wirsindfit;
				PRODUCT_NAME = "$(TARGET_NAME)";
				SWIFT_VERSION = 4.0;
				TARGETED_DEVICE_FAMILY = "1,2";
			};
			name = Release;
		};
/* End XCBuildConfiguration section */

/* Begin XCConfigurationList section */
		2AA916291FB9DF7100D066D2 /* Build configuration list for PBXProject "Wir sind fit!" */ = {
			isa = XCConfigurationList;
			buildConfigurations = (
				2AA9163E1FB9DF7100D066D2 /* Debug */,
				2AA9163F1FB9DF7100D066D2 /* Release */,
			);
			defaultConfigurationIsVisible = 0;
			defaultConfigurationName = Release;
		};
		2AA916401FB9DF7100D066D2 /* Build configuration list for PBXNativeTarget "Wir sind fit!" */ = {
			isa = XCConfigurationList;
			buildConfigurations = (
				2AA916411FB9DF7100D066D2 /* Debug */,
				2AA916421FB9DF7100D066D2 /* Release */,
			);
			defaultConfigurationIsVisible = 0;
			defaultConfigurationName = Release;
		};
/* End XCConfigurationList section */
	};
	rootObject = 2AA916261FB9DF7100D066D2 /* Project object */;
}
